
Microsoft Visual Studio Solution File, Format Version 12.00
# Visual Studio Version 17
VisualStudioVersion = 17.4.33110.190
MinimumVisualStudioVersion = 10.0.40219.1
Project("{FAE04EC0-301F-11D3-BF4B-00C04F79EFBC}") = "TDDWorkshop", "TDDWorkshop\TDDWorkshop.csproj", "{693722CC-3954-4A75-9388-15835F01A299}"
EndProject
Project("{FAE04EC0-301F-11D3-BF4B-00C04F79EFBC}") = "WorkshopTests", "WorkshopTests\WorkshopTests.csproj", "{13C1A2A1-7F7B-4FFD-AA78-7DDA5D4886DE}"
EndProject
Global
	GlobalSection(SolutionConfigurationPlatforms) = preSolution
		Debug|Any CPU = Debug|Any CPU
		Release|Any CPU = Release|Any CPU
	EndGlobalSection
	GlobalSection(ProjectConfigurationPlatforms) = postSolution
		{693722CC-3954-4A75-9388-15835F01A299}.Debug|Any CPU.ActiveCfg = Debug|Any CPU
		{693722CC-3954-4A75-9388-15835F01A299}.Debug|Any CPU.Build.0 = Debug|Any CPU
		{693722CC-3954-4A75-9388-15835F01A299}.Release|Any CPU.ActiveCfg = Release|Any CPU
		{693722CC-3954-4A75-9388-15835F01A299}.Release|Any CPU.Build.0 = Release|Any CPU
		{13C1A2A1-7F7B-4FFD-AA78-7DDA5D4886DE}.Debug|Any CPU.ActiveCfg = Debug|Any CPU
		{13C1A2A1-7F7B-4FFD-AA78-7DDA5D4886DE}.Debug|Any CPU.Build.0 = Debug|Any CPU
		{13C1A2A1-7F7B-4FFD-AA78-7DDA5D4886DE}.Release|Any CPU.ActiveCfg = Release|Any CPU
		{13C1A2A1-7F7B-4FFD-AA78-7DDA5D4886DE}.Release|Any CPU.Build.0 = Release|Any CPU
	EndGlobalSection
	GlobalSection(SolutionProperties) = preSolution
		HideSolutionNode = FALSE
	EndGlobalSection
	GlobalSection(ExtensibilityGlobals) = postSolution
		SolutionGuid = {E5C36FA4-64C7-4F51-B809-4CD5EB870763}
	EndGlobalSection
EndGlobal
